
Microsoft Visual Studio Solution File, Format Version 12.00
Project("{FAE04EC0-301F-11D3-BF4B-00C04F79EFBC}") = "Install", "Install\Install.csproj", "{522D1B97-0194-4466-A360-E0F1F08FBDCE}"
EndProject
Project("{FAE04EC0-301F-11D3-BF4B-00C04F79EFBC}") = "GameCore", "GameCore\GameCore.csproj", "{B97F85AC-54B7-44BE-B963-FCDCFA4FA575}"
EndProject
Project("{FAE04EC0-301F-11D3-BF4B-00C04F79EFBC}") = "Networking", "Networking\Networking.csproj", "{8898EDB5-0435-4DA6-8E39-82DDBD3CCCA2}"
EndProject
Project("{FAE04EC0-301F-11D3-BF4B-00C04F79EFBC}") = "GUI", "GUI\GUI.csproj", "{75C17C86-64DD-44BD-930D-F5E296CD7F13}"
EndProject
Project("{FAE04EC0-301F-11D3-BF4B-00C04F79EFBC}") = "Testing", "Testing\Testing.csproj", "{F884F786-8C95-454A-A1DF-D30AF007D81E}"
EndProject
Global
	GlobalSection(SolutionConfigurationPlatforms) = preSolution
		Debug|Any CPU = Debug|Any CPU
		Release|Any CPU = Release|Any CPU
	EndGlobalSection
	GlobalSection(ProjectConfigurationPlatforms) = postSolution
		{522D1B97-0194-4466-A360-E0F1F08FBDCE}.Debug|Any CPU.ActiveCfg = Debug|Any CPU
		{522D1B97-0194-4466-A360-E0F1F08FBDCE}.Debug|Any CPU.Build.0 = Debug|Any CPU
		{522D1B97-0194-4466-A360-E0F1F08FBDCE}.Release|Any CPU.ActiveCfg = Release|Any CPU
		{522D1B97-0194-4466-A360-E0F1F08FBDCE}.Release|Any CPU.Build.0 = Release|Any CPU
		{B97F85AC-54B7-44BE-B963-FCDCFA4FA575}.Debug|Any CPU.ActiveCfg = Debug|Any CPU
		{B97F85AC-54B7-44BE-B963-FCDCFA4FA575}.Debug|Any CPU.Build.0 = Debug|Any CPU
		{B97F85AC-54B7-44BE-B963-FCDCFA4FA575}.Release|Any CPU.ActiveCfg = Release|Any CPU
		{B97F85AC-54B7-44BE-B963-FCDCFA4FA575}.Release|Any CPU.Build.0 = Release|Any CPU
		{8898EDB5-0435-4DA6-8E39-82DDBD3CCCA2}.Debug|Any CPU.ActiveCfg = Debug|Any CPU
		{8898EDB5-0435-4DA6-8E39-82DDBD3CCCA2}.Debug|Any CPU.Build.0 = Debug|Any CPU
		{8898EDB5-0435-4DA6-8E39-82DDBD3CCCA2}.Release|Any CPU.ActiveCfg = Release|Any CPU
		{8898EDB5-0435-4DA6-8E39-82DDBD3CCCA2}.Release|Any CPU.Build.0 = Release|Any CPU
		{75C17C86-64DD-44BD-930D-F5E296CD7F13}.Debug|Any CPU.ActiveCfg = Debug|Any CPU
		{75C17C86-64DD-44BD-930D-F5E296CD7F13}.Debug|Any CPU.Build.0 = Debug|Any CPU
		{75C17C86-64DD-44BD-930D-F5E296CD7F13}.Release|Any CPU.ActiveCfg = Release|Any CPU
		{75C17C86-64DD-44BD-930D-F5E296CD7F13}.Release|Any CPU.Build.0 = Release|Any CPU
		{F884F786-8C95-454A-A1DF-D30AF007D81E}.Debug|Any CPU.ActiveCfg = Debug|Any CPU
		{F884F786-8C95-454A-A1DF-D30AF007D81E}.Debug|Any CPU.Build.0 = Debug|Any CPU
		{F884F786-8C95-454A-A1DF-D30AF007D81E}.Release|Any CPU.ActiveCfg = Release|Any CPU
		{F884F786-8C95-454A-A1DF-D30AF007D81E}.Release|Any CPU.Build.0 = Release|Any CPU
	EndGlobalSection
EndGlobal
